
Microsoft Visual Studio Solution File, Format Version 12.00
# Visual Studio Version 17
VisualStudioVersion = 17.10.35201.131
MinimumVisualStudioVersion = 10.0.40219.1
Project("{9A19103F-16F7-4668-BE54-9A1E7A4F7556}") = "SpeedyAirly", "SpeedyAirly.csproj", "{FFA5B30F-7B80-4B17-B697-1C832A4202D8}"
EndProject
Project("{FAE04EC0-301F-11D3-BF4B-00C04F79EFBC}") = "Test", "..\Test\Test.csproj", "{EF001F57-C2B6-4F01-AE18-CA64591C17AD}"
EndProject
Global
	GlobalSection(SolutionConfigurationPlatforms) = preSolution
		Debug|Any CPU = Debug|Any CPU
		Release|Any CPU = Release|Any CPU
	EndGlobalSection
	GlobalSection(ProjectConfigurationPlatforms) = postSolution
		{FFA5B30F-7B80-4B17-B697-1C832A4202D8}.Debug|Any CPU.ActiveCfg = Debug|Any CPU
		{FFA5B30F-7B80-4B17-B697-1C832A4202D8}.Debug|Any CPU.Build.0 = Debug|Any CPU
		{FFA5B30F-7B80-4B17-B697-1C832A4202D8}.Release|Any CPU.ActiveCfg = Release|Any CPU
		{FFA5B30F-7B80-4B17-B697-1C832A4202D8}.Release|Any CPU.Build.0 = Release|Any CPU
		{EF001F57-C2B6-4F01-AE18-CA64591C17AD}.Debug|Any CPU.ActiveCfg = Debug|Any CPU
		{EF001F57-C2B6-4F01-AE18-CA64591C17AD}.Debug|Any CPU.Build.0 = Debug|Any CPU
		{EF001F57-C2B6-4F01-AE18-CA64591C17AD}.Release|Any CPU.ActiveCfg = Release|Any CPU
		{EF001F57-C2B6-4F01-AE18-CA64591C17AD}.Release|Any CPU.Build.0 = Release|Any CPU
	EndGlobalSection
	GlobalSection(SolutionProperties) = preSolution
		HideSolutionNode = FALSE
	EndGlobalSection
	GlobalSection(ExtensibilityGlobals) = postSolution
		SolutionGuid = {3BFAE022-ACE8-4E86-AF86-304B2B3E81B3}
	EndGlobalSection
EndGlobal
